// !$*UTF8*$!
{
	archiveVersion = 1;
	classes = {
	};
	objectVersion = 46;
	objects = {

/* Begin PBXBuildFile section */
		279CD64283F4F003954C3C3B /* Pods_iOSVisitsUITests.framework in Frameworks */ = {isa = PBXBuildFile; fileRef = 72A2147D5797AB87ECEC2EE4 /* Pods_iOSVisitsUITests.framework */; };
		6C1C3A3C1D01B414002E558A /* MyPlaces.swift in Sources */ = {isa = PBXBuildFile; fileRef = 6C1C3A3B1D01B413002E558A /* MyPlaces.swift */; };
		6C1C3A401D01BABB002E558A /* AnnotationView.swift in Sources */ = {isa = PBXBuildFile; fileRef = 6C1C3A3F1D01BABB002E558A /* AnnotationView.swift */; };
		6C1C3A421D01BB76002E558A /* PlaceAnnotation.swift in Sources */ = {isa = PBXBuildFile; fileRef = 6C1C3A411D01BB76002E558A /* PlaceAnnotation.swift */; };
		6C1C3A441D01C4B1002E558A /* PlaceListViewController.swift in Sources */ = {isa = PBXBuildFile; fileRef = 6C1C3A431D01C4B1002E558A /* PlaceListViewController.swift */; };
		6C1C3A471D01C933002E558A /* Default.swift in Sources */ = {isa = PBXBuildFile; fileRef = 6C1C3A461D01C933002E558A /* Default.swift */; };
		6CC0B6211CEB3026008A1289 /* AppDelegate.swift in Sources */ = {isa = PBXBuildFile; fileRef = 6CC0B6201CEB3026008A1289 /* AppDelegate.swift */; };
		6CC0B6231CEB3026008A1289 /* ViewController.swift in Sources */ = {isa = PBXBuildFile; fileRef = 6CC0B6221CEB3026008A1289 /* ViewController.swift */; };
		6CC0B6261CEB3026008A1289 /* Main.storyboard in Resources */ = {isa = PBXBuildFile; fileRef = 6CC0B6241CEB3026008A1289 /* Main.storyboard */; };
		6CC0B6281CEB3027008A1289 /* Assets.xcassets in Resources */ = {isa = PBXBuildFile; fileRef = 6CC0B6271CEB3027008A1289 /* Assets.xcassets */; };
		6CC0B62B1CEB3027008A1289 /* LaunchScreen.storyboard in Resources */ = {isa = PBXBuildFile; fileRef = 6CC0B6291CEB3027008A1289 /* LaunchScreen.storyboard */; };
		6CC0B6361CEB3027008A1289 /* iOSVisitsTests.swift in Sources */ = {isa = PBXBuildFile; fileRef = 6CC0B6351CEB3027008A1289 /* iOSVisitsTests.swift */; };
		6CC0B6411CEB3027008A1289 /* iOSVisitsUITests.swift in Sources */ = {isa = PBXBuildFile; fileRef = 6CC0B6401CEB3027008A1289 /* iOSVisitsUITests.swift */; };
		6CC0B64F1CEB310E008A1289 /* CoreLocation.framework in Frameworks */ = {isa = PBXBuildFile; fileRef = 6CC0B64E1CEB310E008A1289 /* CoreLocation.framework */; };
		BB99602C8AE27589A024BC88 /* Pods_iOSVisits.framework in Frameworks */ = {isa = PBXBuildFile; fileRef = B8FD849C79F8B44E949E2FA7 /* Pods_iOSVisits.framework */; };
		DE8C41F0E26F4CFC02D54D6D /* Pods_iOSVisitsTests.framework in Frameworks */ = {isa = PBXBuildFile; fileRef = 421FF371E697B773E9952044 /* Pods_iOSVisitsTests.framework */; };
/* End PBXBuildFile section */

/* Begin PBXContainerItemProxy section */
		6CC0B6321CEB3027008A1289 /* PBXContainerItemProxy */ = {
			isa = PBXContainerItemProxy;
			containerPortal = 6CC0B6151CEB3026008A1289 /* Project object */;
			proxyType = 1;
			remoteGlobalIDString = 6CC0B61C1CEB3026008A1289;
			remoteInfo = iOSVisits;
		};
		6CC0B63D1CEB3027008A1289 /* PBXContainerItemProxy */ = {
			isa = PBXContainerItemProxy;
			containerPortal = 6CC0B6151CEB3026008A1289 /* Project object */;
			proxyType = 1;
			remoteGlobalIDString = 6CC0B61C1CEB3026008A1289;
			remoteInfo = iOSVisits;
		};
/* End PBXContainerItemProxy section */

/* Begin PBXFileReference section */
		129980D5BD27E2A960DFBD00 /* Pods-iOSVisitsTests.debug.xcconfig */ = {isa = PBXFileReference; includeInIndex = 1; lastKnownFileType = text.xcconfig; name = "Pods-iOSVisitsTests.debug.xcconfig"; path = "Pods/Target Support Files/Pods-iOSVisitsTests/Pods-iOSVisitsTests.debug.xcconfig"; sourceTree = "<group>"; };
		316E0C588607145C24498D37 /* Pods-iOSVisitsUITests.release.xcconfig */ = {isa = PBXFileReference; includeInIndex = 1; lastKnownFileType = text.xcconfig; name = "Pods-iOSVisitsUITests.release.xcconfig"; path = "Pods/Target Support Files/Pods-iOSVisitsUITests/Pods-iOSVisitsUITests.release.xcconfig"; sourceTree = "<group>"; };
		421FF371E697B773E9952044 /* Pods_iOSVisitsTests.framework */ = {isa = PBXFileReference; explicitFileType = wrapper.framework; includeInIndex = 0; path = Pods_iOSVisitsTests.framework; sourceTree = BUILT_PRODUCTS_DIR; };
		6C1C3A3B1D01B413002E558A /* MyPlaces.swift */ = {isa = PBXFileReference; fileEncoding = 4; lastKnownFileType = sourcecode.swift; path = MyPlaces.swift; sourceTree = "<group>"; };
		6C1C3A3F1D01BABB002E558A /* AnnotationView.swift */ = {isa = PBXFileReference; fileEncoding = 4; lastKnownFileType = sourcecode.swift; name = AnnotationView.swift; path = Components/Annotations/AnnotationView.swift; sourceTree = "<group>"; };
		6C1C3A411D01BB76002E558A /* PlaceAnnotation.swift */ = {isa = PBXFileReference; fileEncoding = 4; lastKnownFileType = sourcecode.swift; name = PlaceAnnotation.swift; path = Components/Annotations/PlaceAnnotation.swift; sourceTree = "<group>"; };
		6C1C3A431D01C4B1002E558A /* PlaceListViewController.swift */ = {isa = PBXFileReference; fileEncoding = 4; lastKnownFileType = sourcecode.swift; path = PlaceListViewController.swift; sourceTree = "<group>"; };
		6C1C3A461D01C933002E558A /* Default.swift */ = {isa = PBXFileReference; fileEncoding = 4; lastKnownFileType = sourcecode.swift; name = Default.swift; path = Components/Cells/Default.swift; sourceTree = "<group>"; };
		6CC0B61D1CEB3026008A1289 /* iOSVisits.app */ = {isa = PBXFileReference; explicitFileType = wrapper.application; includeInIndex = 0; path = iOSVisits.app; sourceTree = BUILT_PRODUCTS_DIR; };
		6CC0B6201CEB3026008A1289 /* AppDelegate.swift */ = {isa = PBXFileReference; lastKnownFileType = sourcecode.swift; path = AppDelegate.swift; sourceTree = "<group>"; };
		6CC0B6221CEB3026008A1289 /* ViewController.swift */ = {isa = PBXFileReference; lastKnownFileType = sourcecode.swift; name = ViewController.swift; path = ../ViewController.swift; sourceTree = "<group>"; };
		6CC0B6251CEB3026008A1289 /* Base */ = {isa = PBXFileReference; lastKnownFileType = file.storyboard; name = Base; path = Base.lproj/Main.storyboard; sourceTree = "<group>"; };
		6CC0B6271CEB3027008A1289 /* Assets.xcassets */ = {isa = PBXFileReference; lastKnownFileType = folder.assetcatalog; path = Assets.xcassets; sourceTree = "<group>"; };
		6CC0B62A1CEB3027008A1289 /* Base */ = {isa = PBXFileReference; lastKnownFileType = file.storyboard; name = Base; path = Base.lproj/LaunchScreen.storyboard; sourceTree = "<group>"; };
		6CC0B62C1CEB3027008A1289 /* Info.plist */ = {isa = PBXFileReference; lastKnownFileType = text.plist.xml; path = Info.plist; sourceTree = "<group>"; };
		6CC0B6311CEB3027008A1289 /* iOSVisitsTests.xctest */ = {isa = PBXFileReference; explicitFileType = wrapper.cfbundle; includeInIndex = 0; path = iOSVisitsTests.xctest; sourceTree = BUILT_PRODUCTS_DIR; };
		6CC0B6351CEB3027008A1289 /* iOSVisitsTests.swift */ = {isa = PBXFileReference; lastKnownFileType = sourcecode.swift; path = iOSVisitsTests.swift; sourceTree = "<group>"; };
		6CC0B6371CEB3027008A1289 /* Info.plist */ = {isa = PBXFileReference; lastKnownFileType = text.plist.xml; path = Info.plist; sourceTree = "<group>"; };
		6CC0B63C1CEB3027008A1289 /* iOSVisitsUITests.xctest */ = {isa = PBXFileReference; explicitFileType = wrapper.cfbundle; includeInIndex = 0; path = iOSVisitsUITests.xctest; sourceTree = BUILT_PRODUCTS_DIR; };
		6CC0B6401CEB3027008A1289 /* iOSVisitsUITests.swift */ = {isa = PBXFileReference; lastKnownFileType = sourcecode.swift; path = iOSVisitsUITests.swift; sourceTree = "<group>"; };
		6CC0B6421CEB3027008A1289 /* Info.plist */ = {isa = PBXFileReference; lastKnownFileType = text.plist.xml; path = Info.plist; sourceTree = "<group>"; };
		6CC0B64E1CEB310E008A1289 /* CoreLocation.framework */ = {isa = PBXFileReference; lastKnownFileType = wrapper.framework; name = CoreLocation.framework; path = System/Library/Frameworks/CoreLocation.framework; sourceTree = SDKROOT; };
		72A2147D5797AB87ECEC2EE4 /* Pods_iOSVisitsUITests.framework */ = {isa = PBXFileReference; explicitFileType = wrapper.framework; includeInIndex = 0; path = Pods_iOSVisitsUITests.framework; sourceTree = BUILT_PRODUCTS_DIR; };
		8EFE0D4F0CA2237CB1013CD3 /* Pods-iOSVisitsTests.release.xcconfig */ = {isa = PBXFileReference; includeInIndex = 1; lastKnownFileType = text.xcconfig; name = "Pods-iOSVisitsTests.release.xcconfig"; path = "Pods/Target Support Files/Pods-iOSVisitsTests/Pods-iOSVisitsTests.release.xcconfig"; sourceTree = "<group>"; };
		918911FF404FD622F2715479 /* Pods-iOSVisits.release.xcconfig */ = {isa = PBXFileReference; includeInIndex = 1; lastKnownFileType = text.xcconfig; name = "Pods-iOSVisits.release.xcconfig"; path = "Pods/Target Support Files/Pods-iOSVisits/Pods-iOSVisits.release.xcconfig"; sourceTree = "<group>"; };
		95E2AB4A0788BD1D9A90A232 /* Pods-iOSVisitsUITests.debug.xcconfig */ = {isa = PBXFileReference; includeInIndex = 1; lastKnownFileType = text.xcconfig; name = "Pods-iOSVisitsUITests.debug.xcconfig"; path = "Pods/Target Support Files/Pods-iOSVisitsUITests/Pods-iOSVisitsUITests.debug.xcconfig"; sourceTree = "<group>"; };
		B8FD849C79F8B44E949E2FA7 /* Pods_iOSVisits.framework */ = {isa = PBXFileReference; explicitFileType = wrapper.framework; includeInIndex = 0; path = Pods_iOSVisits.framework; sourceTree = BUILT_PRODUCTS_DIR; };
		DB94BAB50154A4F12B546C06 /* Pods-iOSVisits.debug.xcconfig */ = {isa = PBXFileReference; includeInIndex = 1; lastKnownFileType = text.xcconfig; name = "Pods-iOSVisits.debug.xcconfig"; path = "Pods/Target Support Files/Pods-iOSVisits/Pods-iOSVisits.debug.xcconfig"; sourceTree = "<group>"; };
/* End PBXFileReference section */

/* Begin PBXFrameworksBuildPhase section */
		6CC0B61A1CEB3026008A1289 /* Frameworks */ = {
			isa = PBXFrameworksBuildPhase;
			buildActionMask = 2147483647;
			files = (
				6CC0B64F1CEB310E008A1289 /* CoreLocation.framework in Frameworks */,
				BB99602C8AE27589A024BC88 /* Pods_iOSVisits.framework in Frameworks */,
			);
			runOnlyForDeploymentPostprocessing = 0;
		};
		6CC0B62E1CEB3027008A1289 /* Frameworks */ = {
			isa = PBXFrameworksBuildPhase;
			buildActionMask = 2147483647;
			files = (
				DE8C41F0E26F4CFC02D54D6D /* Pods_iOSVisitsTests.framework in Frameworks */,
			);
			runOnlyForDeploymentPostprocessing = 0;
		};
		6CC0B6391CEB3027008A1289 /* Frameworks */ = {
			isa = PBXFrameworksBuildPhase;
			buildActionMask = 2147483647;
			files = (
				279CD64283F4F003954C3C3B /* Pods_iOSVisitsUITests.framework in Frameworks */,
			);
			runOnlyForDeploymentPostprocessing = 0;
		};
/* End PBXFrameworksBuildPhase section */

/* Begin PBXGroup section */
		6C1C3A391D01B2A5002E558A /* Model */ = {
			isa = PBXGroup;
			children = (
				6C1C3A3B1D01B413002E558A /* MyPlaces.swift */,
			);
			path = Model;
			sourceTree = "<group>";
		};
		6C1C3A3A1D01B2C7002E558A /* Controller */ = {
			isa = PBXGroup;
			children = (
				6CC0B6221CEB3026008A1289 /* ViewController.swift */,
				6C1C3A431D01C4B1002E558A /* PlaceListViewController.swift */,
			);
			path = Controller;
			sourceTree = "<group>";
		};
		6C1C3A3D1D01BA62002E558A /* Components */ = {
			isa = PBXGroup;
			children = (
				6C1C3A451D01C910002E558A /* Cells */,
				6C1C3A3E1D01BA6A002E558A /* Annotations */,
			);
			name = Components;
			sourceTree = "<group>";
		};
		6C1C3A3E1D01BA6A002E558A /* Annotations */ = {
			isa = PBXGroup;
			children = (
				6C1C3A3F1D01BABB002E558A /* AnnotationView.swift */,
				6C1C3A411D01BB76002E558A /* PlaceAnnotation.swift */,
			);
			name = Annotations;
			sourceTree = "<group>";
		};
		6C1C3A451D01C910002E558A /* Cells */ = {
			isa = PBXGroup;
			children = (
				6C1C3A461D01C933002E558A /* Default.swift */,
			);
			name = Cells;
			sourceTree = "<group>";
		};
		6CC0B6141CEB3026008A1289 = {
			isa = PBXGroup;
			children = (
				6CC0B64E1CEB310E008A1289 /* CoreLocation.framework */,
				6CC0B61F1CEB3026008A1289 /* iOSVisits */,
				6CC0B6341CEB3027008A1289 /* iOSVisitsTests */,
				6CC0B63F1CEB3027008A1289 /* iOSVisitsUITests */,
				6CC0B61E1CEB3026008A1289 /* Products */,
				AC4846E3EBEDE96144A98642 /* Pods */,
				8F7D505D337BA8EF0DE033FE /* Frameworks */,
			);
			sourceTree = "<group>";
		};
		6CC0B61E1CEB3026008A1289 /* Products */ = {
			isa = PBXGroup;
			children = (
				6CC0B61D1CEB3026008A1289 /* iOSVisits.app */,
				6CC0B6311CEB3027008A1289 /* iOSVisitsTests.xctest */,
				6CC0B63C1CEB3027008A1289 /* iOSVisitsUITests.xctest */,
			);
			name = Products;
			sourceTree = "<group>";
		};
		6CC0B61F1CEB3026008A1289 /* iOSVisits */ = {
			isa = PBXGroup;
			children = (
				6C1C3A3D1D01BA62002E558A /* Components */,
				6C1C3A3A1D01B2C7002E558A /* Controller */,
				6C1C3A391D01B2A5002E558A /* Model */,
				6CC0B6201CEB3026008A1289 /* AppDelegate.swift */,
				6CC0B6241CEB3026008A1289 /* Main.storyboard */,
				6CC0B6271CEB3027008A1289 /* Assets.xcassets */,
				6CC0B6291CEB3027008A1289 /* LaunchScreen.storyboard */,
				6CC0B62C1CEB3027008A1289 /* Info.plist */,
			);
			path = iOSVisits;
			sourceTree = "<group>";
		};
		6CC0B6341CEB3027008A1289 /* iOSVisitsTests */ = {
			isa = PBXGroup;
			children = (
				6CC0B6351CEB3027008A1289 /* iOSVisitsTests.swift */,
				6CC0B6371CEB3027008A1289 /* Info.plist */,
			);
			path = iOSVisitsTests;
			sourceTree = "<group>";
		};
		6CC0B63F1CEB3027008A1289 /* iOSVisitsUITests */ = {
			isa = PBXGroup;
			children = (
				6CC0B6401CEB3027008A1289 /* iOSVisitsUITests.swift */,
				6CC0B6421CEB3027008A1289 /* Info.plist */,
			);
			path = iOSVisitsUITests;
			sourceTree = "<group>";
		};
		8F7D505D337BA8EF0DE033FE /* Frameworks */ = {
			isa = PBXGroup;
			children = (
				B8FD849C79F8B44E949E2FA7 /* Pods_iOSVisits.framework */,
				421FF371E697B773E9952044 /* Pods_iOSVisitsTests.framework */,
				72A2147D5797AB87ECEC2EE4 /* Pods_iOSVisitsUITests.framework */,
			);
			name = Frameworks;
			sourceTree = "<group>";
		};
		AC4846E3EBEDE96144A98642 /* Pods */ = {
			isa = PBXGroup;
			children = (
				DB94BAB50154A4F12B546C06 /* Pods-iOSVisits.debug.xcconfig */,
				918911FF404FD622F2715479 /* Pods-iOSVisits.release.xcconfig */,
				129980D5BD27E2A960DFBD00 /* Pods-iOSVisitsTests.debug.xcconfig */,
				8EFE0D4F0CA2237CB1013CD3 /* Pods-iOSVisitsTests.release.xcconfig */,
				95E2AB4A0788BD1D9A90A232 /* Pods-iOSVisitsUITests.debug.xcconfig */,
				316E0C588607145C24498D37 /* Pods-iOSVisitsUITests.release.xcconfig */,
			);
			name = Pods;
			sourceTree = "<group>";
		};
/* End PBXGroup section */

/* Begin PBXNativeTarget section */
		6CC0B61C1CEB3026008A1289 /* iOSVisits */ = {
			isa = PBXNativeTarget;
			buildConfigurationList = 6CC0B6451CEB3027008A1289 /* Build configuration list for PBXNativeTarget "iOSVisits" */;
			buildPhases = (
				A02F5829E4F7E155F29CEF8E /* 📦 Check Pods Manifest.lock */,
				6CC0B6191CEB3026008A1289 /* Sources */,
				6CC0B61A1CEB3026008A1289 /* Frameworks */,
				6CC0B61B1CEB3026008A1289 /* Resources */,
				5A90CE34EF437EAA4FBD8B29 /* 📦 Embed Pods Frameworks */,
				2BD6A5B00503F3016090DFCC /* 📦 Copy Pods Resources */,
			);
			buildRules = (
			);
			dependencies = (
			);
			name = iOSVisits;
			productName = iOSVisits;
			productReference = 6CC0B61D1CEB3026008A1289 /* iOSVisits.app */;
			productType = "com.apple.product-type.application";
		};
		6CC0B6301CEB3027008A1289 /* iOSVisitsTests */ = {
			isa = PBXNativeTarget;
			buildConfigurationList = 6CC0B6481CEB3027008A1289 /* Build configuration list for PBXNativeTarget "iOSVisitsTests" */;
			buildPhases = (
				A11372E21F44483F31CD21BE /* 📦 Check Pods Manifest.lock */,
				6CC0B62D1CEB3027008A1289 /* Sources */,
				6CC0B62E1CEB3027008A1289 /* Frameworks */,
				6CC0B62F1CEB3027008A1289 /* Resources */,
				9432B9A278A0759B20F12F2A /* 📦 Embed Pods Frameworks */,
				BB8CCEAFE93A8ECD0A3224B9 /* 📦 Copy Pods Resources */,
			);
			buildRules = (
			);
			dependencies = (
				6CC0B6331CEB3027008A1289 /* PBXTargetDependency */,
			);
			name = iOSVisitsTests;
			productName = iOSVisitsTests;
			productReference = 6CC0B6311CEB3027008A1289 /* iOSVisitsTests.xctest */;
			productType = "com.apple.product-type.bundle.unit-test";
		};
		6CC0B63B1CEB3027008A1289 /* iOSVisitsUITests */ = {
			isa = PBXNativeTarget;
			buildConfigurationList = 6CC0B64B1CEB3027008A1289 /* Build configuration list for PBXNativeTarget "iOSVisitsUITests" */;
			buildPhases = (
				221F3488118E178202DCB3E0 /* 📦 Check Pods Manifest.lock */,
				6CC0B6381CEB3027008A1289 /* Sources */,
				6CC0B6391CEB3027008A1289 /* Frameworks */,
				6CC0B63A1CEB3027008A1289 /* Resources */,
				50B53C53471805E76A662685 /* 📦 Copy Pods Resources */,
			);
			buildRules = (
			);
			dependencies = (
				6CC0B63E1CEB3027008A1289 /* PBXTargetDependency */,
			);
			name = iOSVisitsUITests;
			productName = iOSVisitsUITests;
			productReference = 6CC0B63C1CEB3027008A1289 /* iOSVisitsUITests.xctest */;
			productType = "com.apple.product-type.bundle.ui-testing";
		};
/* End PBXNativeTarget section */

/* Begin PBXProject section */
		6CC0B6151CEB3026008A1289 /* Project object */ = {
			isa = PBXProject;
			attributes = {
				LastSwiftUpdateCheck = 0730;
				LastUpgradeCheck = 0730;
				ORGANIZATIONNAME = "ZAP Imóveis";
				TargetAttributes = {
					6CC0B61C1CEB3026008A1289 = {
						CreatedOnToolsVersion = 7.3.1;
						SystemCapabilities = {
							com.apple.BackgroundModes = {
								enabled = 1;
							};
						};
					};
					6CC0B6301CEB3027008A1289 = {
						CreatedOnToolsVersion = 7.3.1;
						TestTargetID = 6CC0B61C1CEB3026008A1289;
					};
					6CC0B63B1CEB3027008A1289 = {
						CreatedOnToolsVersion = 7.3.1;
						TestTargetID = 6CC0B61C1CEB3026008A1289;
					};
				};
			};
			buildConfigurationList = 6CC0B6181CEB3026008A1289 /* Build configuration list for PBXProject "iOSVisits" */;
			compatibilityVersion = "Xcode 3.2";
			developmentRegion = English;
			hasScannedForEncodings = 0;
			knownRegions = (
				en,
				Base,
			);
			mainGroup = 6CC0B6141CEB3026008A1289;
			productRefGroup = 6CC0B61E1CEB3026008A1289 /* Products */;
			projectDirPath = "";
			projectRoot = "";
			targets = (
				6CC0B61C1CEB3026008A1289 /* iOSVisits */,
				6CC0B6301CEB3027008A1289 /* iOSVisitsTests */,
				6CC0B63B1CEB3027008A1289 /* iOSVisitsUITests */,
			);
		};
/* End PBXProject section */

/* Begin PBXResourcesBuildPhase section */
		6CC0B61B1CEB3026008A1289 /* Resources */ = {
			isa = PBXResourcesBuildPhase;
			buildActionMask = 2147483647;
			files = (
				6CC0B62B1CEB3027008A1289 /* LaunchScreen.storyboard in Resources */,
				6CC0B6281CEB3027008A1289 /* Assets.xcassets in Resources */,
				6CC0B6261CEB3026008A1289 /* Main.storyboard in Resources */,
			);
			runOnlyForDeploymentPostprocessing = 0;
		};
		6CC0B62F1CEB3027008A1289 /* Resources */ = {
			isa = PBXResourcesBuildPhase;
			buildActionMask = 2147483647;
			files = (
			);
			runOnlyForDeploymentPostprocessing = 0;
		};
		6CC0B63A1CEB3027008A1289 /* Resources */ = {
			isa = PBXResourcesBuildPhase;
			buildActionMask = 2147483647;
			files = (
			);
			runOnlyForDeploymentPostprocessing = 0;
		};
/* End PBXResourcesBuildPhase section */

/* Begin PBXShellScriptBuildPhase section */
		221F3488118E178202DCB3E0 /* 📦 Check Pods Manifest.lock */ = {
			isa = PBXShellScriptBuildPhase;
			buildActionMask = 2147483647;
			files = (
			);
			inputPaths = (
			);
			name = "📦 Check Pods Manifest.lock";
			outputPaths = (
			);
			runOnlyForDeploymentPostprocessing = 0;
			shellPath = /bin/sh;
			shellScript = "diff \"${PODS_ROOT}/../Podfile.lock\" \"${PODS_ROOT}/Manifest.lock\" > /dev/null\nif [[ $? != 0 ]] ; then\n    cat << EOM\nerror: The sandbox is not in sync with the Podfile.lock. Run 'pod install' or update your CocoaPods installation.\nEOM\n    exit 1\nfi\n";
			showEnvVarsInLog = 0;
		};
		2BD6A5B00503F3016090DFCC /* 📦 Copy Pods Resources */ = {
			isa = PBXShellScriptBuildPhase;
			buildActionMask = 2147483647;
			files = (
			);
			inputPaths = (
			);
			name = "📦 Copy Pods Resources";
			outputPaths = (
			);
			runOnlyForDeploymentPostprocessing = 0;
			shellPath = /bin/sh;
			shellScript = "\"${SRCROOT}/Pods/Target Support Files/Pods-iOSVisits/Pods-iOSVisits-resources.sh\"\n";
			showEnvVarsInLog = 0;
		};
		50B53C53471805E76A662685 /* 📦 Copy Pods Resources */ = {
			isa = PBXShellScriptBuildPhase;
			buildActionMask = 2147483647;
			files = (
			);
			inputPaths = (
			);
			name = "📦 Copy Pods Resources";
			outputPaths = (
			);
			runOnlyForDeploymentPostprocessing = 0;
			shellPath = /bin/sh;
			shellScript = "\"${SRCROOT}/Pods/Target Support Files/Pods-iOSVisitsUITests/Pods-iOSVisitsUITests-resources.sh\"\n";
			showEnvVarsInLog = 0;
		};
		5A90CE34EF437EAA4FBD8B29 /* 📦 Embed Pods Frameworks */ = {
			isa = PBXShellScriptBuildPhase;
			buildActionMask = 2147483647;
			files = (
			);
			inputPaths = (
			);
			name = "📦 Embed Pods Frameworks";
			outputPaths = (
			);
			runOnlyForDeploymentPostprocessing = 0;
			shellPath = /bin/sh;
			shellScript = "\"${SRCROOT}/Pods/Target Support Files/Pods-iOSVisits/Pods-iOSVisits-frameworks.sh\"\n";
			showEnvVarsInLog = 0;
		};
		9432B9A278A0759B20F12F2A /* 📦 Embed Pods Frameworks */ = {
			isa = PBXShellScriptBuildPhase;
			buildActionMask = 2147483647;
			files = (
			);
			inputPaths = (
			);
			name = "📦 Embed Pods Frameworks";
			outputPaths = (
			);
			runOnlyForDeploymentPostprocessing = 0;
			shellPath = /bin/sh;
			shellScript = "\"${SRCROOT}/Pods/Target Support Files/Pods-iOSVisitsTests/Pods-iOSVisitsTests-frameworks.sh\"\n";
			showEnvVarsInLog = 0;
		};
		A02F5829E4F7E155F29CEF8E /* 📦 Check Pods Manifest.lock */ = {
			isa = PBXShellScriptBuildPhase;
			buildActionMask = 2147483647;
			files = (
			);
			inputPaths = (
			);
			name = "📦 Check Pods Manifest.lock";
			outputPaths = (
			);
			runOnlyForDeploymentPostprocessing = 0;
			shellPath = /bin/sh;
			shellScript = "diff \"${PODS_ROOT}/../Podfile.lock\" \"${PODS_ROOT}/Manifest.lock\" > /dev/null\nif [[ $? != 0 ]] ; then\n    cat << EOM\nerror: The sandbox is not in sync with the Podfile.lock. Run 'pod install' or update your CocoaPods installation.\nEOM\n    exit 1\nfi\n";
			showEnvVarsInLog = 0;
		};
		A11372E21F44483F31CD21BE /* 📦 Check Pods Manifest.lock */ = {
			isa = PBXShellScriptBuildPhase;
			buildActionMask = 2147483647;
			files = (
			);
			inputPaths = (
			);
			name = "📦 Check Pods Manifest.lock";
			outputPaths = (
			);
			runOnlyForDeploymentPostprocessing = 0;
			shellPath = /bin/sh;
			shellScript = "diff \"${PODS_ROOT}/../Podfile.lock\" \"${PODS_ROOT}/Manifest.lock\" > /dev/null\nif [[ $? != 0 ]] ; then\n    cat << EOM\nerror: The sandbox is not in sync with the Podfile.lock. Run 'pod install' or update your CocoaPods installation.\nEOM\n    exit 1\nfi\n";
			showEnvVarsInLog = 0;
		};
		BB8CCEAFE93A8ECD0A3224B9 /* 📦 Copy Pods Resources */ = {
			isa = PBXShellScriptBuildPhase;
			buildActionMask = 2147483647;
			files = (
			);
			inputPaths = (
			);
			name = "📦 Copy Pods Resources";
			outputPaths = (
			);
			runOnlyForDeploymentPostprocessing = 0;
			shellPath = /bin/sh;
			shellScript = "\"${SRCROOT}/Pods/Target Support Files/Pods-iOSVisitsTests/Pods-iOSVisitsTests-resources.sh\"\n";
			showEnvVarsInLog = 0;
		};
/* End PBXShellScriptBuildPhase section */

/* Begin PBXSourcesBuildPhase section */
		6CC0B6191CEB3026008A1289 /* Sources */ = {
			isa = PBXSourcesBuildPhase;
			buildActionMask = 2147483647;
			files = (
				6C1C3A441D01C4B1002E558A /* PlaceListViewController.swift in Sources */,
				6CC0B6231CEB3026008A1289 /* ViewController.swift in Sources */,
				6C1C3A471D01C933002E558A /* Default.swift in Sources */,
				6C1C3A401D01BABB002E558A /* AnnotationView.swift in Sources */,
				6C1C3A421D01BB76002E558A /* PlaceAnnotation.swift in Sources */,
				6CC0B6211CEB3026008A1289 /* AppDelegate.swift in Sources */,
				6C1C3A3C1D01B414002E558A /* MyPlaces.swift in Sources */,
			);
			runOnlyForDeploymentPostprocessing = 0;
		};
		6CC0B62D1CEB3027008A1289 /* Sources */ = {
			isa = PBXSourcesBuildPhase;
			buildActionMask = 2147483647;
			files = (
				6CC0B6361CEB3027008A1289 /* iOSVisitsTests.swift in Sources */,
			);
			runOnlyForDeploymentPostprocessing = 0;
		};
		6CC0B6381CEB3027008A1289 /* Sources */ = {
			isa = PBXSourcesBuildPhase;
			buildActionMask = 2147483647;
			files = (
				6CC0B6411CEB3027008A1289 /* iOSVisitsUITests.swift in Sources */,
			);
			runOnlyForDeploymentPostprocessing = 0;
		};
/* End PBXSourcesBuildPhase section */

/* Begin PBXTargetDependency section */
		6CC0B6331CEB3027008A1289 /* PBXTargetDependency */ = {
			isa = PBXTargetDependency;
			target = 6CC0B61C1CEB3026008A1289 /* iOSVisits */;
			targetProxy = 6CC0B6321CEB3027008A1289 /* PBXContainerItemProxy */;
		};
		6CC0B63E1CEB3027008A1289 /* PBXTargetDependency */ = {
			isa = PBXTargetDependency;
			target = 6CC0B61C1CEB3026008A1289 /* iOSVisits */;
			targetProxy = 6CC0B63D1CEB3027008A1289 /* PBXContainerItemProxy */;
		};
/* End PBXTargetDependency section */

/* Begin PBXVariantGroup section */
		6CC0B6241CEB3026008A1289 /* Main.storyboard */ = {
			isa = PBXVariantGroup;
			children = (
				6CC0B6251CEB3026008A1289 /* Base */,
			);
			name = Main.storyboard;
			sourceTree = "<group>";
		};
		6CC0B6291CEB3027008A1289 /* LaunchScreen.storyboard */ = {
			isa = PBXVariantGroup;
			children = (
				6CC0B62A1CEB3027008A1289 /* Base */,
			);
			name = LaunchScreen.storyboard;
			sourceTree = "<group>";
		};
/* End PBXVariantGroup section */

/* Begin XCBuildConfiguration section */
		6CC0B6431CEB3027008A1289 /* Debug */ = {
			isa = XCBuildConfiguration;
			buildSettings = {
				ALWAYS_SEARCH_USER_PATHS = NO;
				CLANG_ANALYZER_NONNULL = YES;
				CLANG_CXX_LANGUAGE_STANDARD = "gnu++0x";
				CLANG_CXX_LIBRARY = "libc++";
				CLANG_ENABLE_MODULES = YES;
				CLANG_ENABLE_OBJC_ARC = YES;
				CLANG_WARN_BOOL_CONVERSION = YES;
				CLANG_WARN_CONSTANT_CONVERSION = YES;
				CLANG_WARN_DIRECT_OBJC_ISA_USAGE = YES_ERROR;
				CLANG_WARN_EMPTY_BODY = YES;
				CLANG_WARN_ENUM_CONVERSION = YES;
				CLANG_WARN_INT_CONVERSION = YES;
				CLANG_WARN_OBJC_ROOT_CLASS = YES_ERROR;
				CLANG_WARN_UNREACHABLE_CODE = YES;
				CLANG_WARN__DUPLICATE_METHOD_MATCH = YES;
				"CODE_SIGN_IDENTITY[sdk=iphoneos*]" = "iPhone Developer";
				COPY_PHASE_STRIP = NO;
				DEBUG_INFORMATION_FORMAT = dwarf;
				ENABLE_STRICT_OBJC_MSGSEND = YES;
				ENABLE_TESTABILITY = YES;
				GCC_C_LANGUAGE_STANDARD = gnu99;
				GCC_DYNAMIC_NO_PIC = NO;
				GCC_NO_COMMON_BLOCKS = YES;
				GCC_OPTIMIZATION_LEVEL = 0;
				GCC_PREPROCESSOR_DEFINITIONS = (
					"DEBUG=1",
					"$(inherited)",
				);
				GCC_WARN_64_TO_32_BIT_CONVERSION = YES;
				GCC_WARN_ABOUT_RETURN_TYPE = YES_ERROR;
				GCC_WARN_UNDECLARED_SELECTOR = YES;
				GCC_WARN_UNINITIALIZED_AUTOS = YES_AGGRESSIVE;
				GCC_WARN_UNUSED_FUNCTION = YES;
				GCC_WARN_UNUSED_VARIABLE = YES;
				IPHONEOS_DEPLOYMENT_TARGET = 9.3;
				MTL_ENABLE_DEBUG_INFO = YES;
				ONLY_ACTIVE_ARCH = YES;
				SDKROOT = iphoneos;
				SWIFT_OPTIMIZATION_LEVEL = "-Onone";
				TARGETED_DEVICE_FAMILY = "1,2";
			};
			name = Debug;
		};
		6CC0B6441CEB3027008A1289 /* Release */ = {
			isa = XCBuildConfiguration;
			buildSettings = {
				ALWAYS_SEARCH_USER_PATHS = NO;
				CLANG_ANALYZER_NONNULL = YES;
				CLANG_CXX_LANGUAGE_STANDARD = "gnu++0x";
				CLANG_CXX_LIBRARY = "libc++";
				CLANG_ENABLE_MODULES = YES;
				CLANG_ENABLE_OBJC_ARC = YES;
				CLANG_WARN_BOOL_CONVERSION = YES;
				CLANG_WARN_CONSTANT_CONVERSION = YES;
				CLANG_WARN_DIRECT_OBJC_ISA_USAGE = YES_ERROR;
				CLANG_WARN_EMPTY_BODY = YES;
				CLANG_WARN_ENUM_CONVERSION = YES;
				CLANG_WARN_INT_CONVERSION = YES;
				CLANG_WARN_OBJC_ROOT_CLASS = YES_ERROR;
				CLANG_WARN_UNREACHABLE_CODE = YES;
				CLANG_WARN__DUPLICATE_METHOD_MATCH = YES;
				"CODE_SIGN_IDENTITY[sdk=iphoneos*]" = "iPhone Developer";
				COPY_PHASE_STRIP = NO;
				DEBUG_INFORMATION_FORMAT = "dwarf-with-dsym";
				ENABLE_NS_ASSERTIONS = NO;
				ENABLE_STRICT_OBJC_MSGSEND = YES;
				GCC_C_LANGUAGE_STANDARD = gnu99;
				GCC_NO_COMMON_BLOCKS = YES;
				GCC_WARN_64_TO_32_BIT_CONVERSION = YES;
				GCC_WARN_ABOUT_RETURN_TYPE = YES_ERROR;
				GCC_WARN_UNDECLARED_SELECTOR = YES;
				GCC_WARN_UNINITIALIZED_AUTOS = YES_AGGRESSIVE;
				GCC_WARN_UNUSED_FUNCTION = YES;
				GCC_WARN_UNUSED_VARIABLE = YES;
				IPHONEOS_DEPLOYMENT_TARGET = 9.3;
				MTL_ENABLE_DEBUG_INFO = NO;
				SDKROOT = iphoneos;
				TARGETED_DEVICE_FAMILY = "1,2";
				VALIDATE_PRODUCT = YES;
			};
			name = Release;
		};
		6CC0B6461CEB3027008A1289 /* Debug */ = {
			isa = XCBuildConfiguration;
			baseConfigurationReference = DB94BAB50154A4F12B546C06 /* Pods-iOSVisits.debug.xcconfig */;
			buildSettings = {
				ASSETCATALOG_COMPILER_APPICON_NAME = AppIcon;
				INFOPLIST_FILE = iOSVisits/Info.plist;
				LD_RUNPATH_SEARCH_PATHS = "$(inherited) @executable_path/Frameworks";
				PRODUCT_BUNDLE_IDENTIFIER = net.gerlandiolucena.iOSVisits;
				PRODUCT_NAME = "$(TARGET_NAME)";
			};
			name = Debug;
		};
		6CC0B6471CEB3027008A1289 /* Release */ = {
			isa = XCBuildConfiguration;
			baseConfigurationReference = 918911FF404FD622F2715479 /* Pods-iOSVisits.release.xcconfig */;
			buildSettings = {
				ASSETCATALOG_COMPILER_APPICON_NAME = AppIcon;
				INFOPLIST_FILE = iOSVisits/Info.plist;
				LD_RUNPATH_SEARCH_PATHS = "$(inherited) @executable_path/Frameworks";
				PRODUCT_BUNDLE_IDENTIFIER = net.gerlandiolucena.iOSVisits;
				PRODUCT_NAME = "$(TARGET_NAME)";
			};
			name = Release;
		};
		6CC0B6491CEB3027008A1289 /* Debug */ = {
			isa = XCBuildConfiguration;
			baseConfigurationReference = 129980D5BD27E2A960DFBD00 /* Pods-iOSVisitsTests.debug.xcconfig */;
			buildSettings = {
				BUNDLE_LOADER = "$(TEST_HOST)";
				INFOPLIST_FILE = iOSVisitsTests/Info.plist;
				LD_RUNPATH_SEARCH_PATHS = "$(inherited) @executable_path/Frameworks @loader_path/Frameworks";
				PRODUCT_BUNDLE_IDENTIFIER = net.gerlandiolucena.iOSVisitsTests;
				PRODUCT_NAME = "$(TARGET_NAME)";
				TEST_HOST = "$(BUILT_PRODUCTS_DIR)/iOSVisits.app/iOSVisits";
			};
			name = Debug;
		};
		6CC0B64A1CEB3027008A1289 /* Release */ = {
			isa = XCBuildConfiguration;
			baseConfigurationReference = 8EFE0D4F0CA2237CB1013CD3 /* Pods-iOSVisitsTests.release.xcconfig */;
			buildSettings = {
				BUNDLE_LOADER = "$(TEST_HOST)";
				INFOPLIST_FILE = iOSVisitsTests/Info.plist;
				LD_RUNPATH_SEARCH_PATHS = "$(inherited) @executable_path/Frameworks @loader_path/Frameworks";
				PRODUCT_BUNDLE_IDENTIFIER = net.gerlandiolucena.iOSVisitsTests;
				PRODUCT_NAME = "$(TARGET_NAME)";
				TEST_HOST = "$(BUILT_PRODUCTS_DIR)/iOSVisits.app/iOSVisits";
			};
			name = Release;
		};
		6CC0B64C1CEB3027008A1289 /* Debug */ = {
			isa = XCBuildConfiguration;
			baseConfigurationReference = 95E2AB4A0788BD1D9A90A232 /* Pods-iOSVisitsUITests.debug.xcconfig */;
			buildSettings = {
				INFOPLIST_FILE = iOSVisitsUITests/Info.plist;
				LD_RUNPATH_SEARCH_PATHS = "$(inherited) @executable_path/Frameworks @loader_path/Frameworks";
				PRODUCT_BUNDLE_IDENTIFIER = net.gerlandiolucena.iOSVisitsUITests;
				PRODUCT_NAME = "$(TARGET_NAME)";
				TEST_TARGET_NAME = iOSVisits;
			};
			name = Debug;
		};
		6CC0B64D1CEB3027008A1289 /* Release */ = {
			isa = XCBuildConfiguration;
			baseConfigurationReference = 316E0C588607145C24498D37 /* Pods-iOSVisitsUITests.release.xcconfig */;
			buildSettings = {
				INFOPLIST_FILE = iOSVisitsUITests/Info.plist;
				LD_RUNPATH_SEARCH_PATHS = "$(inherited) @executable_path/Frameworks @loader_path/Frameworks";
				PRODUCT_BUNDLE_IDENTIFIER = net.gerlandiolucena.iOSVisitsUITests;
				PRODUCT_NAME = "$(TARGET_NAME)";
				TEST_TARGET_NAME = iOSVisits;
			};
			name = Release;
		};
/* End XCBuildConfiguration section */

/* Begin XCConfigurationList section */
		6CC0B6181CEB3026008A1289 /* Build configuration list for PBXProject "iOSVisits" */ = {
			isa = XCConfigurationList;
			buildConfigurations = (
				6CC0B6431CEB3027008A1289 /* Debug */,
				6CC0B6441CEB3027008A1289 /* Release */,
			);
			defaultConfigurationIsVisible = 0;
			defaultConfigurationName = Release;
		};
		6CC0B6451CEB3027008A1289 /* Build configuration list for PBXNativeTarget "iOSVisits" */ = {
			isa = XCConfigurationList;
			buildConfigurations = (
				6CC0B6461CEB3027008A1289 /* Debug */,
				6CC0B6471CEB3027008A1289 /* Release */,
			);
			defaultConfigurationIsVisible = 0;
			defaultConfigurationName = Release;
		};
		6CC0B6481CEB3027008A1289 /* Build configuration list for PBXNativeTarget "iOSVisitsTests" */ = {
			isa = XCConfigurationList;
			buildConfigurations = (
				6CC0B6491CEB3027008A1289 /* Debug */,
				6CC0B64A1CEB3027008A1289 /* Release */,
			);
			defaultConfigurationIsVisible = 0;
			defaultConfigurationName = Release;
		};
		6CC0B64B1CEB3027008A1289 /* Build configuration list for PBXNativeTarget "iOSVisitsUITests" */ = {
			isa = XCConfigurationList;
			buildConfigurations = (
				6CC0B64C1CEB3027008A1289 /* Debug */,
				6CC0B64D1CEB3027008A1289 /* Release */,
			);
			defaultConfigurationIsVisible = 0;
			defaultConfigurationName = Release;
		};
/* End XCConfigurationList section */
	};
	rootObject = 6CC0B6151CEB3026008A1289 /* Project object */;
}
